// !$*UTF8*$!
{
	archiveVersion = 1;
	classes = {
	};
	objectVersion = 46;
	objects = {

/* Begin PBXBuildFile section */
		63CFC0191EFBCA8700ECE153 /* AppDelegate.swift in Sources */ = {isa = PBXBuildFile; fileRef = 63CFC0181EFBCA8700ECE153 /* AppDelegate.swift */; };
		63CFC01B1EFBCA8700ECE153 /* ViewController.swift in Sources */ = {isa = PBXBuildFile; fileRef = 63CFC01A1EFBCA8700ECE153 /* ViewController.swift */; };
		63CFC01E1EFBCA8700ECE153 /* Main.storyboard in Resources */ = {isa = PBXBuildFile; fileRef = 63CFC01C1EFBCA8700ECE153 /* Main.storyboard */; };
		63CFC0201EFBCA8700ECE153 /* Assets.xcassets in Resources */ = {isa = PBXBuildFile; fileRef = 63CFC01F1EFBCA8700ECE153 /* Assets.xcassets */; };
		63CFC0231EFBCA8700ECE153 /* LaunchScreen.storyboard in Resources */ = {isa = PBXBuildFile; fileRef = 63CFC0211EFBCA8700ECE153 /* LaunchScreen.storyboard */; };
		63CFC0321EFBDC9100ECE153 /* QPageViewController.framework in Frameworks */ = {isa = PBXBuildFile; fileRef = 63CFC0311EFBDC9100ECE153 /* QPageViewController.framework */; };
		63CFC0331EFBDC9100ECE153 /* QPageViewController.framework in Embed Frameworks */ = {isa = PBXBuildFile; fileRef = 63CFC0311EFBDC9100ECE153 /* QPageViewController.framework */; settings = {ATTRIBUTES = (CodeSignOnCopy, RemoveHeadersOnCopy, ); }; };
		63CFC0361EFBDCA600ECE153 /* SnapKit.framework in Frameworks */ = {isa = PBXBuildFile; fileRef = 63CFC0351EFBDCA600ECE153 /* SnapKit.framework */; };
		63CFC0371EFBDCA600ECE153 /* SnapKit.framework in Embed Frameworks */ = {isa = PBXBuildFile; fileRef = 63CFC0351EFBDCA600ECE153 /* SnapKit.framework */; settings = {ATTRIBUTES = (CodeSignOnCopy, RemoveHeadersOnCopy, ); }; };
/* End PBXBuildFile section */

/* Begin PBXCopyFilesBuildPhase section */
		63CFC0341EFBDC9100ECE153 /* Embed Frameworks */ = {
			isa = PBXCopyFilesBuildPhase;
			buildActionMask = 2147483647;
			dstPath = "";
			dstSubfolderSpec = 10;
			files = (
				63CFC0331EFBDC9100ECE153 /* QPageViewController.framework in Embed Frameworks */,
				63CFC0371EFBDCA600ECE153 /* SnapKit.framework in Embed Frameworks */,
			);
			name = "Embed Frameworks";
			runOnlyForDeploymentPostprocessing = 0;
		};
/* End PBXCopyFilesBuildPhase section */

/* Begin PBXFileReference section */
		63CFC0151EFBCA8700ECE153 /* QPageTester.app */ = {isa = PBXFileReference; explicitFileType = wrapper.application; includeInIndex = 0; path = QPageTester.app; sourceTree = BUILT_PRODUCTS_DIR; };
		63CFC0181EFBCA8700ECE153 /* AppDelegate.swift */ = {isa = PBXFileReference; lastKnownFileType = sourcecode.swift; path = AppDelegate.swift; sourceTree = "<group>"; };
		63CFC01A1EFBCA8700ECE153 /* ViewController.swift */ = {isa = PBXFileReference; lastKnownFileType = sourcecode.swift; path = ViewController.swift; sourceTree = "<group>"; };
		63CFC01D1EFBCA8700ECE153 /* Base */ = {isa = PBXFileReference; lastKnownFileType = file.storyboard; name = Base; path = Base.lproj/Main.storyboard; sourceTree = "<group>"; };
		63CFC01F1EFBCA8700ECE153 /* Assets.xcassets */ = {isa = PBXFileReference; lastKnownFileType = folder.assetcatalog; path = Assets.xcassets; sourceTree = "<group>"; };
		63CFC0221EFBCA8700ECE153 /* Base */ = {isa = PBXFileReference; lastKnownFileType = file.storyboard; name = Base; path = Base.lproj/LaunchScreen.storyboard; sourceTree = "<group>"; };
		63CFC0241EFBCA8700ECE153 /* Info.plist */ = {isa = PBXFileReference; lastKnownFileType = text.plist.xml; path = Info.plist; sourceTree = "<group>"; };
		63CFC0311EFBDC9100ECE153 /* QPageViewController.framework */ = {isa = PBXFileReference; explicitFileType = wrapper.framework; path = QPageViewController.framework; sourceTree = BUILT_PRODUCTS_DIR; };
		63CFC0351EFBDCA600ECE153 /* SnapKit.framework */ = {isa = PBXFileReference; lastKnownFileType = wrapper.framework; name = SnapKit.framework; path = Carthage/Build/iOS/SnapKit.framework; sourceTree = "<group>"; };
/* End PBXFileReference section */

/* Begin PBXFrameworksBuildPhase section */
		63CFC0121EFBCA8700ECE153 /* Frameworks */ = {
			isa = PBXFrameworksBuildPhase;
			buildActionMask = 2147483647;
			files = (
				63CFC0321EFBDC9100ECE153 /* QPageViewController.framework in Frameworks */,
				63CFC0361EFBDCA600ECE153 /* SnapKit.framework in Frameworks */,
			);
			runOnlyForDeploymentPostprocessing = 0;
		};
/* End PBXFrameworksBuildPhase section */

/* Begin PBXGroup section */
		63CFC00C1EFBCA8700ECE153 = {
			isa = PBXGroup;
			children = (
				63CFC0171EFBCA8700ECE153 /* QPageTester */,
				63CFC0381EFBDCB100ECE153 /* Frameworks */,
				63CFC0161EFBCA8700ECE153 /* Products */,
			);
			sourceTree = "<group>";
		};
		63CFC0161EFBCA8700ECE153 /* Products */ = {
			isa = PBXGroup;
			children = (
				63CFC0151EFBCA8700ECE153 /* QPageTester.app */,
			);
			name = Products;
			sourceTree = "<group>";
		};
		63CFC0171EFBCA8700ECE153 /* QPageTester */ = {
			isa = PBXGroup;
			children = (
				63CFC0301EFBCBD000ECE153 /* Storboard */,
				63CFC0181EFBCA8700ECE153 /* AppDelegate.swift */,
				63CFC01A1EFBCA8700ECE153 /* ViewController.swift */,
				63CFC01F1EFBCA8700ECE153 /* Assets.xcassets */,
				63CFC0241EFBCA8700ECE153 /* Info.plist */,
			);
			path = QPageTester;
			sourceTree = "<group>";
		};
		63CFC0301EFBCBD000ECE153 /* Storboard */ = {
			isa = PBXGroup;
			children = (
				63CFC0211EFBCA8700ECE153 /* LaunchScreen.storyboard */,
				63CFC01C1EFBCA8700ECE153 /* Main.storyboard */,
			);
			name = Storboard;
			sourceTree = "<group>";
		};
		63CFC0381EFBDCB100ECE153 /* Frameworks */ = {
			isa = PBXGroup;
			children = (
				63CFC0351EFBDCA600ECE153 /* SnapKit.framework */,
				63CFC0311EFBDC9100ECE153 /* QPageViewController.framework */,
			);
			name = Frameworks;
			sourceTree = "<group>";
		};
/* End PBXGroup section */

/* Begin PBXNativeTarget section */
		63CFC0141EFBCA8700ECE153 /* QPageTester */ = {
			isa = PBXNativeTarget;
			buildConfigurationList = 63CFC0271EFBCA8700ECE153 /* Build configuration list for PBXNativeTarget "QPageTester" */;
			buildPhases = (
				63CFC0111EFBCA8700ECE153 /* Sources */,
				63CFC0121EFBCA8700ECE153 /* Frameworks */,
				63CFC0131EFBCA8700ECE153 /* Resources */,
				63CFC0341EFBDC9100ECE153 /* Embed Frameworks */,
			);
			buildRules = (
			);
			dependencies = (
			);
			name = QPageTester;
			productName = QPageTester;
			productReference = 63CFC0151EFBCA8700ECE153 /* QPageTester.app */;
			productType = "com.apple.product-type.application";
		};
/* End PBXNativeTarget section */

/* Begin PBXProject section */
		63CFC00D1EFBCA8700ECE153 /* Project object */ = {
			isa = PBXProject;
			attributes = {
				LastSwiftUpdateCheck = 0830;
				LastUpgradeCheck = 0910;
				ORGANIZATIONNAME = "David Nemec";
				TargetAttributes = {
					63CFC0141EFBCA8700ECE153 = {
						CreatedOnToolsVersion = 8.3.2;
						DevelopmentTeam = 97DXWGRCGZ;
						LastSwiftMigration = 0910;
						ProvisioningStyle = Automatic;
					};
				};
			};
			buildConfigurationList = 63CFC0101EFBCA8700ECE153 /* Build configuration list for PBXProject "QPageTester" */;
			compatibilityVersion = "Xcode 3.2";
			developmentRegion = English;
			hasScannedForEncodings = 0;
			knownRegions = (
				en,
				Base,
			);
			mainGroup = 63CFC00C1EFBCA8700ECE153;
			productRefGroup = 63CFC0161EFBCA8700ECE153 /* Products */;
			projectDirPath = "";
			projectRoot = "";
			targets = (
				63CFC0141EFBCA8700ECE153 /* QPageTester */,
			);
		};
/* End PBXProject section */

/* Begin PBXResourcesBuildPhase section */
		63CFC0131EFBCA8700ECE153 /* Resources */ = {
			isa = PBXResourcesBuildPhase;
			buildActionMask = 2147483647;
			files = (
				63CFC0231EFBCA8700ECE153 /* LaunchScreen.storyboard in Resources */,
				63CFC0201EFBCA8700ECE153 /* Assets.xcassets in Resources */,
				63CFC01E1EFBCA8700ECE153 /* Main.storyboard in Resources */,
			);
			runOnlyForDeploymentPostprocessing = 0;
		};
/* End PBXResourcesBuildPhase section */

/* Begin PBXSourcesBuildPhase section */
		63CFC0111EFBCA8700ECE153 /* Sources */ = {
			isa = PBXSourcesBuildPhase;
			buildActionMask = 2147483647;
			files = (
				63CFC01B1EFBCA8700ECE153 /* ViewController.swift in Sources */,
				63CFC0191EFBCA8700ECE153 /* AppDelegate.swift in Sources */,
			);
			runOnlyForDeploymentPostprocessing = 0;
		};
/* End PBXSourcesBuildPhase section */

/* Begin PBXVariantGroup section */
		63CFC01C1EFBCA8700ECE153 /* Main.storyboard */ = {
			isa = PBXVariantGroup;
			children = (
				63CFC01D1EFBCA8700ECE153 /* Base */,
			);
			name = Main.storyboard;
			sourceTree = "<group>";
		};
		63CFC0211EFBCA8700ECE153 /* LaunchScreen.storyboard */ = {
			isa = PBXVariantGroup;
			children = (
				63CFC0221EFBCA8700ECE153 /* Base */,
			);
			name = LaunchScreen.storyboard;
			sourceTree = "<group>";
		};
/* End PBXVariantGroup section */

/* Begin XCBuildConfiguration section */
		63CFC0251EFBCA8700ECE153 /* Debug */ = {
			isa = XCBuildConfiguration;
			buildSettings = {
				ALWAYS_SEARCH_USER_PATHS = NO;
				CLANG_ANALYZER_NONNULL = YES;
				CLANG_ANALYZER_NUMBER_OBJECT_CONVERSION = YES_AGGRESSIVE;
				CLANG_CXX_LANGUAGE_STANDARD = "gnu++0x";
				CLANG_CXX_LIBRARY = "libc++";
				CLANG_ENABLE_MODULES = YES;
				CLANG_ENABLE_OBJC_ARC = YES;
				CLANG_WARN_BLOCK_CAPTURE_AUTORELEASING = YES;
				CLANG_WARN_BOOL_CONVERSION = YES;
				CLANG_WARN_COMMA = YES;
				CLANG_WARN_CONSTANT_CONVERSION = YES;
				CLANG_WARN_DIRECT_OBJC_ISA_USAGE = YES_ERROR;
				CLANG_WARN_DOCUMENTATION_COMMENTS = YES;
				CLANG_WARN_EMPTY_BODY = YES;
				CLANG_WARN_ENUM_CONVERSION = YES;
				CLANG_WARN_INFINITE_RECURSION = YES;
				CLANG_WARN_INT_CONVERSION = YES;
				CLANG_WARN_NON_LITERAL_NULL_CONVERSION = YES;
				CLANG_WARN_OBJC_LITERAL_CONVERSION = YES;
				CLANG_WARN_OBJC_ROOT_CLASS = YES_ERROR;
				CLANG_WARN_RANGE_LOOP_ANALYSIS = YES;
				CLANG_WARN_STRICT_PROTOTYPES = YES;
				CLANG_WARN_SUSPICIOUS_MOVE = YES;
				CLANG_WARN_UNREACHABLE_CODE = YES;
				CLANG_WARN__DUPLICATE_METHOD_MATCH = YES;
				"CODE_SIGN_IDENTITY[sdk=iphoneos*]" = "iPhone Developer";
				COPY_PHASE_STRIP = NO;
				DEBUG_INFORMATION_FORMAT = dwarf;
				ENABLE_STRICT_OBJC_MSGSEND = YES;
				ENABLE_TESTABILITY = YES;
				GCC_C_LANGUAGE_STANDARD = gnu99;
				GCC_DYNAMIC_NO_PIC = NO;
				GCC_NO_COMMON_BLOCKS = YES;
				GCC_OPTIMIZATION_LEVEL = 0;
				GCC_PREPROCESSOR_DEFINITIONS = (
					"DEBUG=1",
					"$(inherited)",
				);
				GCC_WARN_64_TO_32_BIT_CONVERSION = YES;
				GCC_WARN_ABOUT_RETURN_TYPE = YES_ERROR;
				GCC_WARN_UNDECLARED_SELECTOR = YES;
				GCC_WARN_UNINITIALIZED_AUTOS = YES_AGGRESSIVE;
				GCC_WARN_UNUSED_FUNCTION = YES;
				GCC_WARN_UNUSED_VARIABLE = YES;
				IPHONEOS_DEPLOYMENT_TARGET = 10.3;
				MTL_ENABLE_DEBUG_INFO = YES;
				ONLY_ACTIVE_ARCH = YES;
				SDKROOT = iphoneos;
				SWIFT_ACTIVE_COMPILATION_CONDITIONS = DEBUG;
				SWIFT_OPTIMIZATION_LEVEL = "-Onone";
				TARGETED_DEVICE_FAMILY = "1,2";
			};
			name = Debug;
		};
		63CFC0261EFBCA8700ECE153 /* Release */ = {
			isa = XCBuildConfiguration;
			buildSettings = {
				ALWAYS_SEARCH_USER_PATHS = NO;
				CLANG_ANALYZER_NONNULL = YES;
				CLANG_ANALYZER_NUMBER_OBJECT_CONVERSION = YES_AGGRESSIVE;
				CLANG_CXX_LANGUAGE_STANDARD = "gnu++0x";
				CLANG_CXX_LIBRARY = "libc++";
				CLANG_ENABLE_MODULES = YES;
				CLANG_ENABLE_OBJC_ARC = YES;
				CLANG_WARN_BLOCK_CAPTURE_AUTORELEASING = YES;
				CLANG_WARN_BOOL_CONVERSION = YES;
				CLANG_WARN_COMMA = YES;
				CLANG_WARN_CONSTANT_CONVERSION = YES;
				CLANG_WARN_DIRECT_OBJC_ISA_USAGE = YES_ERROR;
				CLANG_WARN_DOCUMENTATION_COMMENTS = YES;
				CLANG_WARN_EMPTY_BODY = YES;
				CLANG_WARN_ENUM_CONVERSION = YES;
				CLANG_WARN_INFINITE_RECURSION = YES;
				CLANG_WARN_INT_CONVERSION = YES;
				CLANG_WARN_NON_LITERAL_NULL_CONVERSION = YES;
				CLANG_WARN_OBJC_LITERAL_CONVERSION = YES;
				CLANG_WARN_OBJC_ROOT_CLASS = YES_ERROR;
				CLANG_WARN_RANGE_LOOP_ANALYSIS = YES;
				CLANG_WARN_STRICT_PROTOTYPES = YES;
				CLANG_WARN_SUSPICIOUS_MOVE = YES;
				CLANG_WARN_UNREACHABLE_CODE = YES;
				CLANG_WARN__DUPLICATE_METHOD_MATCH = YES;
				"CODE_SIGN_IDENTITY[sdk=iphoneos*]" = "iPhone Developer";
				COPY_PHASE_STRIP = NO;
				DEBUG_INFORMATION_FORMAT = "dwarf-with-dsym";
				ENABLE_NS_ASSERTIONS = NO;
				ENABLE_STRICT_OBJC_MSGSEND = YES;
				GCC_C_LANGUAGE_STANDARD = gnu99;
				GCC_NO_COMMON_BLOCKS = YES;
				GCC_WARN_64_TO_32_BIT_CONVERSION = YES;
				GCC_WARN_ABOUT_RETURN_TYPE = YES_ERROR;
				GCC_WARN_UNDECLARED_SELECTOR = YES;
				GCC_WARN_UNINITIALIZED_AUTOS = YES_AGGRESSIVE;
				GCC_WARN_UNUSED_FUNCTION = YES;
				GCC_WARN_UNUSED_VARIABLE = YES;
				IPHONEOS_DEPLOYMENT_TARGET = 10.3;
				MTL_ENABLE_DEBUG_INFO = NO;
				SDKROOT = iphoneos;
				SWIFT_OPTIMIZATION_LEVEL = "-Owholemodule";
				TARGETED_DEVICE_FAMILY = "1,2";
				VALIDATE_PRODUCT = YES;
			};
			name = Release;
		};
		63CFC0281EFBCA8700ECE153 /* Debug */ = {
			isa = XCBuildConfiguration;
			buildSettings = {
				ASSETCATALOG_COMPILER_APPICON_NAME = AppIcon;
				DEVELOPMENT_TEAM = 97DXWGRCGZ;
				FRAMEWORK_SEARCH_PATHS = (
					"$(inherited)",
					"$(PROJECT_DIR)/Carthage/Build/iOS",
				);
				INFOPLIST_FILE = QPageTester/Info.plist;
				LD_RUNPATH_SEARCH_PATHS = "$(inherited) @executable_path/Frameworks";
				PRODUCT_BUNDLE_IDENTIFIER = cz.quanti.QPageTester;
				PRODUCT_NAME = "$(TARGET_NAME)";
				SWIFT_SWIFT3_OBJC_INFERENCE = On;
				SWIFT_VERSION = 4.0;
			};
			name = Debug;
		};
		63CFC0291EFBCA8700ECE153 /* Release */ = {
			isa = XCBuildConfiguration;
			buildSettings = {
				ASSETCATALOG_COMPILER_APPICON_NAME = AppIcon;
				DEVELOPMENT_TEAM = 97DXWGRCGZ;
				FRAMEWORK_SEARCH_PATHS = (
					"$(inherited)",
					"$(PROJECT_DIR)/Carthage/Build/iOS",
				);
				INFOPLIST_FILE = QPageTester/Info.plist;
				LD_RUNPATH_SEARCH_PATHS = "$(inherited) @executable_path/Frameworks";
				PRODUCT_BUNDLE_IDENTIFIER = cz.quanti.QPageTester;
				PRODUCT_NAME = "$(TARGET_NAME)";
				SWIFT_SWIFT3_OBJC_INFERENCE = On;
				SWIFT_VERSION = 4.0;
			};
			name = Release;
		};
/* End XCBuildConfiguration section */

/* Begin XCConfigurationList section */
		63CFC0101EFBCA8700ECE153 /* Build configuration list for PBXProject "QPageTester" */ = {
			isa = XCConfigurationList;
			buildConfigurations = (
				63CFC0251EFBCA8700ECE153 /* Debug */,
				63CFC0261EFBCA8700ECE153 /* Release */,
			);
			defaultConfigurationIsVisible = 0;
			defaultConfigurationName = Release;
		};
		63CFC0271EFBCA8700ECE153 /* Build configuration list for PBXNativeTarget "QPageTester" */ = {
			isa = XCConfigurationList;
			buildConfigurations = (
				63CFC0281EFBCA8700ECE153 /* Debug */,
				63CFC0291EFBCA8700ECE153 /* Release */,
			);
			defaultConfigurationIsVisible = 0;
			defaultConfigurationName = Release;
		};
/* End XCConfigurationList section */
	};
	rootObject = 63CFC00D1EFBCA8700ECE153 /* Project object */;
}
